{
  "name": "dsh-local-ocr-runtime",
  "version": "0.2.0",
  "lockfileVersion": 3,
  "requires": true,
  "packages": {
    "": {
      "name": "dsh-local-ocr-runtime",
      "version": "0.2.0",
      "license": "MIT",
      "bin": {
        "dsh-local-ocr-runtime": "src/cli.mjs"
      },
      "engines": {
        "node": ">=22.19.0"
      }
    }
  }
}
